
Microsoft Visual Studio Solution File, Format Version 12.00
# Visual Studio Version 16
VisualStudioVersion = 16.0.30503.244
MinimumVisualStudioVersion = 10.0.40219.1
Project("{FAE04EC0-301F-11D3-BF4B-00C04F79EFBC}") = "FiveDChessDataInterface", "FiveDChessDataInterface\FiveDChessDataInterface.csproj", "{EEEE52A7-F66A-4BFC-B6C5-E36F0A852774}"
EndProject
Project("{FAE04EC0-301F-11D3-BF4B-00C04F79EFBC}") = "DataInterfaceConsoleTest", "DataInterfaceConsoleTest\DataInterfaceConsoleTest.csproj", "{96421ECC-5E85-47B3-A82A-F40A07109B20}"
EndProject
Global
	GlobalSection(SolutionConfigurationPlatforms) = preSolution
		Debug|Any CPU = Debug|Any CPU
		Release|Any CPU = Release|Any CPU
	EndGlobalSection
	GlobalSection(ProjectConfigurationPlatforms) = postSolution
		{EEEE52A7-F66A-4BFC-B6C5-E36F0A852774}.Debug|Any CPU.ActiveCfg = Debug|Any CPU
		{EEEE52A7-F66A-4BFC-B6C5-E36F0A852774}.Debug|Any CPU.Build.0 = Debug|Any CPU
		{EEEE52A7-F66A-4BFC-B6C5-E36F0A852774}.Release|Any CPU.ActiveCfg = Release|Any CPU
		{EEEE52A7-F66A-4BFC-B6C5-E36F0A852774}.Release|Any CPU.Build.0 = Release|Any CPU
		{96421ECC-5E85-47B3-A82A-F40A07109B20}.Debug|Any CPU.ActiveCfg = Debug|Any CPU
		{96421ECC-5E85-47B3-A82A-F40A07109B20}.Debug|Any CPU.Build.0 = Debug|Any CPU
		{96421ECC-5E85-47B3-A82A-F40A07109B20}.Release|Any CPU.ActiveCfg = Release|Any CPU
		{96421ECC-5E85-47B3-A82A-F40A07109B20}.Release|Any CPU.Build.0 = Release|Any CPU
	EndGlobalSection
	GlobalSection(SolutionProperties) = preSolution
		HideSolutionNode = FALSE
	EndGlobalSection
	GlobalSection(ExtensibilityGlobals) = postSolution
		SolutionGuid = {FD8267C9-F818-453F-9F57-4788148EBD21}
	EndGlobalSection
EndGlobal
