
Microsoft Visual Studio Solution File, Format Version 12.00
# Visual Studio Version 16
VisualStudioVersion = 16.0.30503.244
MinimumVisualStudioVersion = 10.0.40219.1
Project("{FAE04EC0-301F-11D3-BF4B-00C04F79EFBC}") = "FiveDChessDataInterface", "FiveDChessDataInterface\FiveDChessDataInterface.csproj", "{D3987B10-0A84-4FE7-8E04-63FB95126601}"
EndProject
Global
	GlobalSection(SolutionConfigurationPlatforms) = preSolution
		Debug|Any CPU = Debug|Any CPU
		Release|Any CPU = Release|Any CPU
	EndGlobalSection
	GlobalSection(ProjectConfigurationPlatforms) = postSolution
		{D3987B10-0A84-4FE7-8E04-63FB95126601}.Debug|Any CPU.ActiveCfg = Debug|Any CPU
		{D3987B10-0A84-4FE7-8E04-63FB95126601}.Debug|Any CPU.Build.0 = Debug|Any CPU
		{D3987B10-0A84-4FE7-8E04-63FB95126601}.Release|Any CPU.ActiveCfg = Release|Any CPU
		{D3987B10-0A84-4FE7-8E04-63FB95126601}.Release|Any CPU.Build.0 = Release|Any CPU
	EndGlobalSection
	GlobalSection(SolutionProperties) = preSolution
		HideSolutionNode = FALSE
	EndGlobalSection
	GlobalSection(ExtensibilityGlobals) = postSolution
		SolutionGuid = {FD8267C9-F818-453F-9F57-4788148EBD21}
	EndGlobalSection
EndGlobal
